
Microsoft Visual Studio Solution File, Format Version 12.00
# Visual Studio Version 17
VisualStudioVersion = 17.0.31903.59
MinimumVisualStudioVersion = 10.0.40219.1
Project("{FAE04EC0-301F-11D3-BF4B-00C04F79EFBC}") = "RMTech.StrMaster", "RMTech.StrMaster\RMTech.StrMaster.csproj", "{F9D4FF49-95C6-4264-8B32-B8A36404608F}"
EndProject
Project("{FAE04EC0-301F-11D3-BF4B-00C04F79EFBC}") = "RMTech.StrMaster.Tests", "RMTech.StrMaster.Tests\RMTech.StrMaster.Tests.csproj", "{ECD0CD82-9D8A-4EDF-8E5E-F23871D66487}"
EndProject
Global
	GlobalSection(SolutionConfigurationPlatforms) = preSolution
		Debug|Any CPU = Debug|Any CPU
		Debug|x64 = Debug|x64
		Debug|x86 = Debug|x86
		Release|Any CPU = Release|Any CPU
		Release|x64 = Release|x64
		Release|x86 = Release|x86
	EndGlobalSection
	GlobalSection(ProjectConfigurationPlatforms) = postSolution
		{F9D4FF49-95C6-4264-8B32-B8A36404608F}.Debug|Any CPU.ActiveCfg = Debug|Any CPU
		{F9D4FF49-95C6-4264-8B32-B8A36404608F}.Debug|Any CPU.Build.0 = Debug|Any CPU
		{F9D4FF49-95C6-4264-8B32-B8A36404608F}.Debug|x64.ActiveCfg = Debug|Any CPU
		{F9D4FF49-95C6-4264-8B32-B8A36404608F}.Debug|x64.Build.0 = Debug|Any CPU
		{F9D4FF49-95C6-4264-8B32-B8A36404608F}.Debug|x86.ActiveCfg = Debug|Any CPU
		{F9D4FF49-95C6-4264-8B32-B8A36404608F}.Debug|x86.Build.0 = Debug|Any CPU
		{F9D4FF49-95C6-4264-8B32-B8A36404608F}.Release|Any CPU.ActiveCfg = Release|Any CPU
		{F9D4FF49-95C6-4264-8B32-B8A36404608F}.Release|Any CPU.Build.0 = Release|Any CPU
		{F9D4FF49-95C6-4264-8B32-B8A36404608F}.Release|x64.ActiveCfg = Release|Any CPU
		{F9D4FF49-95C6-4264-8B32-B8A36404608F}.Release|x64.Build.0 = Release|Any CPU
		{F9D4FF49-95C6-4264-8B32-B8A36404608F}.Release|x86.ActiveCfg = Release|Any CPU
		{F9D4FF49-95C6-4264-8B32-B8A36404608F}.Release|x86.Build.0 = Release|Any CPU
		{ECD0CD82-9D8A-4EDF-8E5E-F23871D66487}.Debug|Any CPU.ActiveCfg = Debug|Any CPU
		{ECD0CD82-9D8A-4EDF-8E5E-F23871D66487}.Debug|Any CPU.Build.0 = Debug|Any CPU
		{ECD0CD82-9D8A-4EDF-8E5E-F23871D66487}.Debug|x64.ActiveCfg = Debug|Any CPU
		{ECD0CD82-9D8A-4EDF-8E5E-F23871D66487}.Debug|x64.Build.0 = Debug|Any CPU
		{ECD0CD82-9D8A-4EDF-8E5E-F23871D66487}.Debug|x86.ActiveCfg = Debug|Any CPU
		{ECD0CD82-9D8A-4EDF-8E5E-F23871D66487}.Debug|x86.Build.0 = Debug|Any CPU
		{ECD0CD82-9D8A-4EDF-8E5E-F23871D66487}.Release|Any CPU.ActiveCfg = Release|Any CPU
		{ECD0CD82-9D8A-4EDF-8E5E-F23871D66487}.Release|Any CPU.Build.0 = Release|Any CPU
		{ECD0CD82-9D8A-4EDF-8E5E-F23871D66487}.Release|x64.ActiveCfg = Release|Any CPU
		{ECD0CD82-9D8A-4EDF-8E5E-F23871D66487}.Release|x64.Build.0 = Release|Any CPU
		{ECD0CD82-9D8A-4EDF-8E5E-F23871D66487}.Release|x86.ActiveCfg = Release|Any CPU
		{ECD0CD82-9D8A-4EDF-8E5E-F23871D66487}.Release|x86.Build.0 = Release|Any CPU
	EndGlobalSection
	GlobalSection(SolutionProperties) = preSolution
		HideSolutionNode = FALSE
	EndGlobalSection
EndGlobal
